
Microsoft Visual Studio Solution File, Format Version 12.00
Project("{FAE04EC0-301F-11D3-BF4B-00C04F79EFBC}") = "Task1", "Task1\Task1.csproj", "{B86E3A91-151F-4AF9-9435-2B691DBA7807}"
EndProject
Project("{FAE04EC0-301F-11D3-BF4B-00C04F79EFBC}") = "Task2", "Task2\Task2.csproj", "{7150A465-B71E-467A-B52B-2FE884CE9261}"
EndProject
Project("{FAE04EC0-301F-11D3-BF4B-00C04F79EFBC}") = "Task3", "Task3\Task3.csproj", "{72CCD916-CBF7-4E4F-ACCF-5BFED1B95D77}"
EndProject
Project("{FAE04EC0-301F-11D3-BF4B-00C04F79EFBC}") = "Task4", "Task4\Task4.csproj", "{DB63B391-1DE9-4CF0-8D33-2C670BFB2432}"
EndProject
Global
	GlobalSection(SolutionConfigurationPlatforms) = preSolution
		Debug|Any CPU = Debug|Any CPU
		Release|Any CPU = Release|Any CPU
	EndGlobalSection
	GlobalSection(ProjectConfigurationPlatforms) = postSolution
		{B86E3A91-151F-4AF9-9435-2B691DBA7807}.Debug|Any CPU.ActiveCfg = Debug|Any CPU
		{B86E3A91-151F-4AF9-9435-2B691DBA7807}.Debug|Any CPU.Build.0 = Debug|Any CPU
		{B86E3A91-151F-4AF9-9435-2B691DBA7807}.Release|Any CPU.ActiveCfg = Release|Any CPU
		{B86E3A91-151F-4AF9-9435-2B691DBA7807}.Release|Any CPU.Build.0 = Release|Any CPU
		{7150A465-B71E-467A-B52B-2FE884CE9261}.Debug|Any CPU.ActiveCfg = Debug|Any CPU
		{7150A465-B71E-467A-B52B-2FE884CE9261}.Debug|Any CPU.Build.0 = Debug|Any CPU
		{7150A465-B71E-467A-B52B-2FE884CE9261}.Release|Any CPU.ActiveCfg = Release|Any CPU
		{7150A465-B71E-467A-B52B-2FE884CE9261}.Release|Any CPU.Build.0 = Release|Any CPU
		{72CCD916-CBF7-4E4F-ACCF-5BFED1B95D77}.Debug|Any CPU.ActiveCfg = Debug|Any CPU
		{72CCD916-CBF7-4E4F-ACCF-5BFED1B95D77}.Debug|Any CPU.Build.0 = Debug|Any CPU
		{72CCD916-CBF7-4E4F-ACCF-5BFED1B95D77}.Release|Any CPU.ActiveCfg = Release|Any CPU
		{72CCD916-CBF7-4E4F-ACCF-5BFED1B95D77}.Release|Any CPU.Build.0 = Release|Any CPU
		{DB63B391-1DE9-4CF0-8D33-2C670BFB2432}.Debug|Any CPU.ActiveCfg = Debug|Any CPU
		{DB63B391-1DE9-4CF0-8D33-2C670BFB2432}.Debug|Any CPU.Build.0 = Debug|Any CPU
		{DB63B391-1DE9-4CF0-8D33-2C670BFB2432}.Release|Any CPU.ActiveCfg = Release|Any CPU
		{DB63B391-1DE9-4CF0-8D33-2C670BFB2432}.Release|Any CPU.Build.0 = Release|Any CPU
	EndGlobalSection
EndGlobal
